
Microsoft Visual Studio Solution File, Format Version 12.00
# Visual Studio Version 17
VisualStudioVersion = 17.0.31903.59
MinimumVisualStudioVersion = 10.0.40219.1
Project("{FAE04EC0-301F-11D3-BF4B-00C04F79EFBC}") = "MPath.Api", "MPath.Api\MPath.Api.csproj", "{D7305BEB-71A0-4DB6-9BB7-BA0175F89109}"
EndProject
Project("{FAE04EC0-301F-11D3-BF4B-00C04F79EFBC}") = "MPath.Application", "MPath.Application\MPath.Application.csproj", "{15CF5819-0485-4D81-A6CB-5C7910EE5054}"
EndProject
Project("{FAE04EC0-301F-11D3-BF4B-00C04F79EFBC}") = "MPath.Domain", "MPath.Domain\MPath.Domain.csproj", "{3F30C958-E5DA-4133-9690-B1348646C4C8}"
EndProject
Project("{FAE04EC0-301F-11D3-BF4B-00C04F79EFBC}") = "MPath.Infrastructure", "MPath.Infrastructure\MPath.Infrastructure.csproj", "{40C7E6AE-0127-4CF0-8EDE-1A3FF150C684}"
EndProject
Project("{FAE04EC0-301F-11D3-BF4B-00C04F79EFBC}") = "MPath.SharedKernel", "MPath.SharedKernel\MPath.SharedKernel.csproj", "{53049A58-FE09-4312-88BF-A0275E0D4426}"
EndProject
Project("{2150E333-8FDC-42A3-9474-1A3956D46DE8}") = "MPath.Tests", "MPath.Tests", "{48BDBE18-75CD-4DB2-B907-4A0D70DA90AA}"
EndProject
Project("{FAE04EC0-301F-11D3-BF4B-00C04F79EFBC}") = "ApplicationTests", "MPath.Tests\ApplicationTests\ApplicationTests.csproj", "{8056AB40-B670-4479-AAE3-28532DEBDE6F}"
EndProject
Project("{FAE04EC0-301F-11D3-BF4B-00C04F79EFBC}") = "DomainTests", "MPath.Tests\DomainTests\DomainTests.csproj", "{26EA6966-7ACC-42ED-B4E0-261837B5B098}"
EndProject
Project("{FAE04EC0-301F-11D3-BF4B-00C04F79EFBC}") = "InfrastructureTests", "MPath.Tests\InfrastructureTests\InfrastructureTests.csproj", "{C1E86CBC-555E-484B-B561-CCBCBAF0E139}"
EndProject
Project("{FAE04EC0-301F-11D3-BF4B-00C04F79EFBC}") = "MPath.Tests", "MPath.Tests\MPath.Tests.csproj", "{87AE9B9B-AB1A-44E0-9B18-75984AA091B8}"
EndProject
Global
	GlobalSection(SolutionConfigurationPlatforms) = preSolution
		Debug|Any CPU = Debug|Any CPU
		Release|Any CPU = Release|Any CPU
	EndGlobalSection
	GlobalSection(SolutionProperties) = preSolution
		HideSolutionNode = FALSE
	EndGlobalSection
	GlobalSection(ProjectConfigurationPlatforms) = postSolution
		{D7305BEB-71A0-4DB6-9BB7-BA0175F89109}.Debug|Any CPU.ActiveCfg = Debug|Any CPU
		{D7305BEB-71A0-4DB6-9BB7-BA0175F89109}.Debug|Any CPU.Build.0 = Debug|Any CPU
		{D7305BEB-71A0-4DB6-9BB7-BA0175F89109}.Release|Any CPU.ActiveCfg = Release|Any CPU
		{D7305BEB-71A0-4DB6-9BB7-BA0175F89109}.Release|Any CPU.Build.0 = Release|Any CPU
		{15CF5819-0485-4D81-A6CB-5C7910EE5054}.Debug|Any CPU.ActiveCfg = Debug|Any CPU
		{15CF5819-0485-4D81-A6CB-5C7910EE5054}.Debug|Any CPU.Build.0 = Debug|Any CPU
		{15CF5819-0485-4D81-A6CB-5C7910EE5054}.Release|Any CPU.ActiveCfg = Release|Any CPU
		{15CF5819-0485-4D81-A6CB-5C7910EE5054}.Release|Any CPU.Build.0 = Release|Any CPU
		{3F30C958-E5DA-4133-9690-B1348646C4C8}.Debug|Any CPU.ActiveCfg = Debug|Any CPU
		{3F30C958-E5DA-4133-9690-B1348646C4C8}.Debug|Any CPU.Build.0 = Debug|Any CPU
		{3F30C958-E5DA-4133-9690-B1348646C4C8}.Release|Any CPU.ActiveCfg = Release|Any CPU
		{3F30C958-E5DA-4133-9690-B1348646C4C8}.Release|Any CPU.Build.0 = Release|Any CPU
		{40C7E6AE-0127-4CF0-8EDE-1A3FF150C684}.Debug|Any CPU.ActiveCfg = Debug|Any CPU
		{40C7E6AE-0127-4CF0-8EDE-1A3FF150C684}.Debug|Any CPU.Build.0 = Debug|Any CPU
		{40C7E6AE-0127-4CF0-8EDE-1A3FF150C684}.Release|Any CPU.ActiveCfg = Release|Any CPU
		{40C7E6AE-0127-4CF0-8EDE-1A3FF150C684}.Release|Any CPU.Build.0 = Release|Any CPU
		{53049A58-FE09-4312-88BF-A0275E0D4426}.Debug|Any CPU.ActiveCfg = Debug|Any CPU
		{53049A58-FE09-4312-88BF-A0275E0D4426}.Debug|Any CPU.Build.0 = Debug|Any CPU
		{53049A58-FE09-4312-88BF-A0275E0D4426}.Release|Any CPU.ActiveCfg = Release|Any CPU
		{53049A58-FE09-4312-88BF-A0275E0D4426}.Release|Any CPU.Build.0 = Release|Any CPU
		{8056AB40-B670-4479-AAE3-28532DEBDE6F}.Debug|Any CPU.ActiveCfg = Debug|Any CPU
		{8056AB40-B670-4479-AAE3-28532DEBDE6F}.Debug|Any CPU.Build.0 = Debug|Any CPU
		{8056AB40-B670-4479-AAE3-28532DEBDE6F}.Release|Any CPU.ActiveCfg = Release|Any CPU
		{8056AB40-B670-4479-AAE3-28532DEBDE6F}.Release|Any CPU.Build.0 = Release|Any CPU
		{26EA6966-7ACC-42ED-B4E0-261837B5B098}.Debug|Any CPU.ActiveCfg = Debug|Any CPU
		{26EA6966-7ACC-42ED-B4E0-261837B5B098}.Debug|Any CPU.Build.0 = Debug|Any CPU
		{26EA6966-7ACC-42ED-B4E0-261837B5B098}.Release|Any CPU.ActiveCfg = Release|Any CPU
		{26EA6966-7ACC-42ED-B4E0-261837B5B098}.Release|Any CPU.Build.0 = Release|Any CPU
		{C1E86CBC-555E-484B-B561-CCBCBAF0E139}.Debug|Any CPU.ActiveCfg = Debug|Any CPU
		{C1E86CBC-555E-484B-B561-CCBCBAF0E139}.Debug|Any CPU.Build.0 = Debug|Any CPU
		{C1E86CBC-555E-484B-B561-CCBCBAF0E139}.Release|Any CPU.ActiveCfg = Release|Any CPU
		{C1E86CBC-555E-484B-B561-CCBCBAF0E139}.Release|Any CPU.Build.0 = Release|Any CPU
		{87AE9B9B-AB1A-44E0-9B18-75984AA091B8}.Debug|Any CPU.ActiveCfg = Debug|Any CPU
		{87AE9B9B-AB1A-44E0-9B18-75984AA091B8}.Debug|Any CPU.Build.0 = Debug|Any CPU
		{87AE9B9B-AB1A-44E0-9B18-75984AA091B8}.Release|Any CPU.ActiveCfg = Release|Any CPU
		{87AE9B9B-AB1A-44E0-9B18-75984AA091B8}.Release|Any CPU.Build.0 = Release|Any CPU
	EndGlobalSection
	GlobalSection(NestedProjects) = preSolution
		{8056AB40-B670-4479-AAE3-28532DEBDE6F} = {48BDBE18-75CD-4DB2-B907-4A0D70DA90AA}
		{26EA6966-7ACC-42ED-B4E0-261837B5B098} = {48BDBE18-75CD-4DB2-B907-4A0D70DA90AA}
		{C1E86CBC-555E-484B-B561-CCBCBAF0E139} = {48BDBE18-75CD-4DB2-B907-4A0D70DA90AA}
		{87AE9B9B-AB1A-44E0-9B18-75984AA091B8} = {48BDBE18-75CD-4DB2-B907-4A0D70DA90AA}
	EndGlobalSection
EndGlobal
